
Microsoft Visual Studio Solution File, Format Version 12.00
# Visual Studio Version 16
VisualStudioVersion = 16.0.29201.188
MinimumVisualStudioVersion = 10.0.40219.1
Project("{FAE04EC0-301F-11D3-BF4B-00C04F79EFBC}") = "Track Maker", "Track Maker\Track Maker.csproj", "{C6F45C49-85F1-4C8B-AAC2-A5491346E9A1}"
EndProject
Project("{FAE04EC0-301F-11D3-BF4B-00C04F79EFBC}") = "Updater", "Updater\Updater.csproj", "{E4517BB9-6590-4B3A-8355-9389C1376828}"
EndProject
Project("{FAE04EC0-301F-11D3-BF4B-00C04F79EFBC}") = "DanoUI", "DanoUI\DanoUI.csproj", "{F24F47E1-4CF7-4777-B7DD-DB1AEC6278D9}"
EndProject
Project("{FAE04EC0-301F-11D3-BF4B-00C04F79EFBC}") = "Dano.AdvisoryGenerator", "App.AdvisoryGenerator\Dano.AdvisoryGenerator.csproj", "{F16114EB-5733-415E-9005-838A963FCB6E}"
EndProject
Project("{FAE04EC0-301F-11D3-BF4B-00C04F79EFBC}") = "Dano.ACECalculator", "Dano.ACECalculator\Dano.ACECalculator.csproj", "{D035CE54-62CE-4CFE-9A5E-F04D4424731F}"
EndProject
Project("{FAE04EC0-301F-11D3-BF4B-00C04F79EFBC}") = "Dano.UpdateServices", "Tiralen.UpdateServices\Dano.UpdateServices.csproj", "{CC7DBF52-6DDA-4F78-AE29-326DFA08AEF6}"
EndProject
Project("{FAE04EC0-301F-11D3-BF4B-00C04F79EFBC}") = "Starfrost.UL5", "Starfrost.UL5\Starfrost.UL5.csproj", "{7582BDCA-ED7F-4697-8D0E-E10992FF04F6}"
EndProject
Project("{FAE04EC0-301F-11D3-BF4B-00C04F79EFBC}") = "ExceptionsLite2.Base", "ExceptionsLite2.Base\ExceptionsLite2.Base.csproj", "{CC05CCB1-B833-4DCA-B50F-87D02A96C85E}"
EndProject
Project("{FAE04EC0-301F-11D3-BF4B-00C04F79EFBC}") = "ExceptionsLite2.Wpf.NetFX", "ExceptionsLite2.Wpf.NetFX\ExceptionsLite2.Wpf.NetFX.csproj", "{90A8ACE9-1A3F-4EFD-81CC-5722088F4F5E}"
EndProject
Global
	GlobalSection(SolutionConfigurationPlatforms) = preSolution
		Dano_Debug|Any CPU = Dano_Debug|Any CPU
		Dano_Release|Any CPU = Dano_Release|Any CPU
		Debug|Any CPU = Debug|Any CPU
		Priscilla_Debug|Any CPU = Priscilla_Debug|Any CPU
		Priscilla_Release|Any CPU = Priscilla_Release|Any CPU
		Release|Any CPU = Release|Any CPU
	EndGlobalSection
	GlobalSection(ProjectConfigurationPlatforms) = postSolution
		{C6F45C49-85F1-4C8B-AAC2-A5491346E9A1}.Dano_Debug|Any CPU.ActiveCfg = Dano_Debug|Any CPU
		{C6F45C49-85F1-4C8B-AAC2-A5491346E9A1}.Dano_Debug|Any CPU.Build.0 = Dano_Debug|Any CPU
		{C6F45C49-85F1-4C8B-AAC2-A5491346E9A1}.Dano_Release|Any CPU.ActiveCfg = Dano_Release|Any CPU
		{C6F45C49-85F1-4C8B-AAC2-A5491346E9A1}.Dano_Release|Any CPU.Build.0 = Dano_Release|Any CPU
		{C6F45C49-85F1-4C8B-AAC2-A5491346E9A1}.Debug|Any CPU.ActiveCfg = Debug|Any CPU
		{C6F45C49-85F1-4C8B-AAC2-A5491346E9A1}.Debug|Any CPU.Build.0 = Debug|Any CPU
		{C6F45C49-85F1-4C8B-AAC2-A5491346E9A1}.Priscilla_Debug|Any CPU.ActiveCfg = Priscilla_Debug|Any CPU
		{C6F45C49-85F1-4C8B-AAC2-A5491346E9A1}.Priscilla_Debug|Any CPU.Build.0 = Priscilla_Debug|Any CPU
		{C6F45C49-85F1-4C8B-AAC2-A5491346E9A1}.Priscilla_Release|Any CPU.ActiveCfg = Priscilla_Release|Any CPU
		{C6F45C49-85F1-4C8B-AAC2-A5491346E9A1}.Priscilla_Release|Any CPU.Build.0 = Priscilla_Release|Any CPU
		{C6F45C49-85F1-4C8B-AAC2-A5491346E9A1}.Release|Any CPU.ActiveCfg = Release|Any CPU
		{C6F45C49-85F1-4C8B-AAC2-A5491346E9A1}.Release|Any CPU.Build.0 = Release|Any CPU
		{E4517BB9-6590-4B3A-8355-9389C1376828}.Dano_Debug|Any CPU.ActiveCfg = Debug|Any CPU
		{E4517BB9-6590-4B3A-8355-9389C1376828}.Dano_Debug|Any CPU.Build.0 = Debug|Any CPU
		{E4517BB9-6590-4B3A-8355-9389C1376828}.Dano_Release|Any CPU.ActiveCfg = Release|Any CPU
		{E4517BB9-6590-4B3A-8355-9389C1376828}.Dano_Release|Any CPU.Build.0 = Release|Any CPU
		{E4517BB9-6590-4B3A-8355-9389C1376828}.Debug|Any CPU.ActiveCfg = Debug|Any CPU
		{E4517BB9-6590-4B3A-8355-9389C1376828}.Debug|Any CPU.Build.0 = Debug|Any CPU
		{E4517BB9-6590-4B3A-8355-9389C1376828}.Priscilla_Debug|Any CPU.ActiveCfg = Priscilla_Debug|Any CPU
		{E4517BB9-6590-4B3A-8355-9389C1376828}.Priscilla_Debug|Any CPU.Build.0 = Priscilla_Debug|Any CPU
		{E4517BB9-6590-4B3A-8355-9389C1376828}.Priscilla_Release|Any CPU.ActiveCfg = Priscilla_Release|Any CPU
		{E4517BB9-6590-4B3A-8355-9389C1376828}.Priscilla_Release|Any CPU.Build.0 = Priscilla_Release|Any CPU
		{E4517BB9-6590-4B3A-8355-9389C1376828}.Release|Any CPU.ActiveCfg = Release|Any CPU
		{E4517BB9-6590-4B3A-8355-9389C1376828}.Release|Any CPU.Build.0 = Release|Any CPU
		{F24F47E1-4CF7-4777-B7DD-DB1AEC6278D9}.Dano_Debug|Any CPU.ActiveCfg = Debug|Any CPU
		{F24F47E1-4CF7-4777-B7DD-DB1AEC6278D9}.Dano_Debug|Any CPU.Build.0 = Debug|Any CPU
		{F24F47E1-4CF7-4777-B7DD-DB1AEC6278D9}.Dano_Release|Any CPU.ActiveCfg = Release|Any CPU
		{F24F47E1-4CF7-4777-B7DD-DB1AEC6278D9}.Dano_Release|Any CPU.Build.0 = Release|Any CPU
		{F24F47E1-4CF7-4777-B7DD-DB1AEC6278D9}.Debug|Any CPU.ActiveCfg = Debug|Any CPU
		{F24F47E1-4CF7-4777-B7DD-DB1AEC6278D9}.Debug|Any CPU.Build.0 = Debug|Any CPU
		{F24F47E1-4CF7-4777-B7DD-DB1AEC6278D9}.Priscilla_Debug|Any CPU.ActiveCfg = Priscilla_Debug|Any CPU
		{F24F47E1-4CF7-4777-B7DD-DB1AEC6278D9}.Priscilla_Debug|Any CPU.Build.0 = Priscilla_Debug|Any CPU
		{F24F47E1-4CF7-4777-B7DD-DB1AEC6278D9}.Priscilla_Release|Any CPU.ActiveCfg = Priscilla_Release|Any CPU
		{F24F47E1-4CF7-4777-B7DD-DB1AEC6278D9}.Priscilla_Release|Any CPU.Build.0 = Priscilla_Release|Any CPU
		{F24F47E1-4CF7-4777-B7DD-DB1AEC6278D9}.Release|Any CPU.ActiveCfg = Release|Any CPU
		{F24F47E1-4CF7-4777-B7DD-DB1AEC6278D9}.Release|Any CPU.Build.0 = Release|Any CPU
		{F16114EB-5733-415E-9005-838A963FCB6E}.Dano_Debug|Any CPU.ActiveCfg = Debug|Any CPU
		{F16114EB-5733-415E-9005-838A963FCB6E}.Dano_Debug|Any CPU.Build.0 = Debug|Any CPU
		{F16114EB-5733-415E-9005-838A963FCB6E}.Dano_Release|Any CPU.ActiveCfg = Release|Any CPU
		{F16114EB-5733-415E-9005-838A963FCB6E}.Dano_Release|Any CPU.Build.0 = Release|Any CPU
		{F16114EB-5733-415E-9005-838A963FCB6E}.Debug|Any CPU.ActiveCfg = Debug|Any CPU
		{F16114EB-5733-415E-9005-838A963FCB6E}.Debug|Any CPU.Build.0 = Debug|Any CPU
		{F16114EB-5733-415E-9005-838A963FCB6E}.Priscilla_Debug|Any CPU.ActiveCfg = Priscilla_Debug|Any CPU
		{F16114EB-5733-415E-9005-838A963FCB6E}.Priscilla_Debug|Any CPU.Build.0 = Priscilla_Debug|Any CPU
		{F16114EB-5733-415E-9005-838A963FCB6E}.Priscilla_Release|Any CPU.ActiveCfg = Priscilla_Release|Any CPU
		{F16114EB-5733-415E-9005-838A963FCB6E}.Priscilla_Release|Any CPU.Build.0 = Priscilla_Release|Any CPU
		{F16114EB-5733-415E-9005-838A963FCB6E}.Release|Any CPU.ActiveCfg = Release|Any CPU
		{F16114EB-5733-415E-9005-838A963FCB6E}.Release|Any CPU.Build.0 = Release|Any CPU
		{D035CE54-62CE-4CFE-9A5E-F04D4424731F}.Dano_Debug|Any CPU.ActiveCfg = Debug|Any CPU
		{D035CE54-62CE-4CFE-9A5E-F04D4424731F}.Dano_Debug|Any CPU.Build.0 = Debug|Any CPU
		{D035CE54-62CE-4CFE-9A5E-F04D4424731F}.Dano_Release|Any CPU.ActiveCfg = Release|Any CPU
		{D035CE54-62CE-4CFE-9A5E-F04D4424731F}.Dano_Release|Any CPU.Build.0 = Release|Any CPU
		{D035CE54-62CE-4CFE-9A5E-F04D4424731F}.Debug|Any CPU.ActiveCfg = Debug|Any CPU
		{D035CE54-62CE-4CFE-9A5E-F04D4424731F}.Debug|Any CPU.Build.0 = Debug|Any CPU
		{D035CE54-62CE-4CFE-9A5E-F04D4424731F}.Priscilla_Debug|Any CPU.ActiveCfg = Priscilla_Debug|Any CPU
		{D035CE54-62CE-4CFE-9A5E-F04D4424731F}.Priscilla_Debug|Any CPU.Build.0 = Priscilla_Debug|Any CPU
		{D035CE54-62CE-4CFE-9A5E-F04D4424731F}.Priscilla_Release|Any CPU.ActiveCfg = Priscilla_Release|Any CPU
		{D035CE54-62CE-4CFE-9A5E-F04D4424731F}.Priscilla_Release|Any CPU.Build.0 = Priscilla_Release|Any CPU
		{D035CE54-62CE-4CFE-9A5E-F04D4424731F}.Release|Any CPU.ActiveCfg = Release|Any CPU
		{D035CE54-62CE-4CFE-9A5E-F04D4424731F}.Release|Any CPU.Build.0 = Release|Any CPU
		{CC7DBF52-6DDA-4F78-AE29-326DFA08AEF6}.Dano_Debug|Any CPU.ActiveCfg = Debug|Any CPU
		{CC7DBF52-6DDA-4F78-AE29-326DFA08AEF6}.Dano_Debug|Any CPU.Build.0 = Debug|Any CPU
		{CC7DBF52-6DDA-4F78-AE29-326DFA08AEF6}.Dano_Release|Any CPU.ActiveCfg = Release|Any CPU
		{CC7DBF52-6DDA-4F78-AE29-326DFA08AEF6}.Dano_Release|Any CPU.Build.0 = Release|Any CPU
		{CC7DBF52-6DDA-4F78-AE29-326DFA08AEF6}.Debug|Any CPU.ActiveCfg = Debug|Any CPU
		{CC7DBF52-6DDA-4F78-AE29-326DFA08AEF6}.Debug|Any CPU.Build.0 = Debug|Any CPU
		{CC7DBF52-6DDA-4F78-AE29-326DFA08AEF6}.Priscilla_Debug|Any CPU.ActiveCfg = Debug|Any CPU
		{CC7DBF52-6DDA-4F78-AE29-326DFA08AEF6}.Priscilla_Debug|Any CPU.Build.0 = Debug|Any CPU
		{CC7DBF52-6DDA-4F78-AE29-326DFA08AEF6}.Priscilla_Release|Any CPU.ActiveCfg = Release|Any CPU
		{CC7DBF52-6DDA-4F78-AE29-326DFA08AEF6}.Priscilla_Release|Any CPU.Build.0 = Release|Any CPU
		{CC7DBF52-6DDA-4F78-AE29-326DFA08AEF6}.Release|Any CPU.ActiveCfg = Release|Any CPU
		{CC7DBF52-6DDA-4F78-AE29-326DFA08AEF6}.Release|Any CPU.Build.0 = Release|Any CPU
		{7582BDCA-ED7F-4697-8D0E-E10992FF04F6}.Dano_Debug|Any CPU.ActiveCfg = Debug|Any CPU
		{7582BDCA-ED7F-4697-8D0E-E10992FF04F6}.Dano_Debug|Any CPU.Build.0 = Debug|Any CPU
		{7582BDCA-ED7F-4697-8D0E-E10992FF04F6}.Dano_Release|Any CPU.ActiveCfg = Release|Any CPU
		{7582BDCA-ED7F-4697-8D0E-E10992FF04F6}.Dano_Release|Any CPU.Build.0 = Release|Any CPU
		{7582BDCA-ED7F-4697-8D0E-E10992FF04F6}.Debug|Any CPU.ActiveCfg = Debug|Any CPU
		{7582BDCA-ED7F-4697-8D0E-E10992FF04F6}.Debug|Any CPU.Build.0 = Debug|Any CPU
		{7582BDCA-ED7F-4697-8D0E-E10992FF04F6}.Priscilla_Debug|Any CPU.ActiveCfg = Debug|Any CPU
		{7582BDCA-ED7F-4697-8D0E-E10992FF04F6}.Priscilla_Debug|Any CPU.Build.0 = Debug|Any CPU
		{7582BDCA-ED7F-4697-8D0E-E10992FF04F6}.Priscilla_Release|Any CPU.ActiveCfg = Release|Any CPU
		{7582BDCA-ED7F-4697-8D0E-E10992FF04F6}.Priscilla_Release|Any CPU.Build.0 = Release|Any CPU
		{7582BDCA-ED7F-4697-8D0E-E10992FF04F6}.Release|Any CPU.ActiveCfg = Release|Any CPU
		{7582BDCA-ED7F-4697-8D0E-E10992FF04F6}.Release|Any CPU.Build.0 = Release|Any CPU
		{CC05CCB1-B833-4DCA-B50F-87D02A96C85E}.Dano_Debug|Any CPU.ActiveCfg = Debug|Any CPU
		{CC05CCB1-B833-4DCA-B50F-87D02A96C85E}.Dano_Debug|Any CPU.Build.0 = Debug|Any CPU
		{CC05CCB1-B833-4DCA-B50F-87D02A96C85E}.Dano_Release|Any CPU.ActiveCfg = Release|Any CPU
		{CC05CCB1-B833-4DCA-B50F-87D02A96C85E}.Dano_Release|Any CPU.Build.0 = Release|Any CPU
		{CC05CCB1-B833-4DCA-B50F-87D02A96C85E}.Debug|Any CPU.ActiveCfg = Debug|Any CPU
		{CC05CCB1-B833-4DCA-B50F-87D02A96C85E}.Debug|Any CPU.Build.0 = Debug|Any CPU
		{CC05CCB1-B833-4DCA-B50F-87D02A96C85E}.Priscilla_Debug|Any CPU.ActiveCfg = Debug|Any CPU
		{CC05CCB1-B833-4DCA-B50F-87D02A96C85E}.Priscilla_Debug|Any CPU.Build.0 = Debug|Any CPU
		{CC05CCB1-B833-4DCA-B50F-87D02A96C85E}.Priscilla_Release|Any CPU.ActiveCfg = Release|Any CPU
		{CC05CCB1-B833-4DCA-B50F-87D02A96C85E}.Priscilla_Release|Any CPU.Build.0 = Release|Any CPU
		{CC05CCB1-B833-4DCA-B50F-87D02A96C85E}.Release|Any CPU.ActiveCfg = Release|Any CPU
		{CC05CCB1-B833-4DCA-B50F-87D02A96C85E}.Release|Any CPU.Build.0 = Release|Any CPU
		{90A8ACE9-1A3F-4EFD-81CC-5722088F4F5E}.Dano_Debug|Any CPU.ActiveCfg = Debug|Any CPU
		{90A8ACE9-1A3F-4EFD-81CC-5722088F4F5E}.Dano_Debug|Any CPU.Build.0 = Debug|Any CPU
		{90A8ACE9-1A3F-4EFD-81CC-5722088F4F5E}.Dano_Release|Any CPU.ActiveCfg = Release|Any CPU
		{90A8ACE9-1A3F-4EFD-81CC-5722088F4F5E}.Dano_Release|Any CPU.Build.0 = Release|Any CPU
		{90A8ACE9-1A3F-4EFD-81CC-5722088F4F5E}.Debug|Any CPU.ActiveCfg = Debug|Any CPU
		{90A8ACE9-1A3F-4EFD-81CC-5722088F4F5E}.Debug|Any CPU.Build.0 = Debug|Any CPU
		{90A8ACE9-1A3F-4EFD-81CC-5722088F4F5E}.Priscilla_Debug|Any CPU.ActiveCfg = Debug|Any CPU
		{90A8ACE9-1A3F-4EFD-81CC-5722088F4F5E}.Priscilla_Debug|Any CPU.Build.0 = Debug|Any CPU
		{90A8ACE9-1A3F-4EFD-81CC-5722088F4F5E}.Priscilla_Release|Any CPU.ActiveCfg = Release|Any CPU
		{90A8ACE9-1A3F-4EFD-81CC-5722088F4F5E}.Priscilla_Release|Any CPU.Build.0 = Release|Any CPU
		{90A8ACE9-1A3F-4EFD-81CC-5722088F4F5E}.Release|Any CPU.ActiveCfg = Release|Any CPU
		{90A8ACE9-1A3F-4EFD-81CC-5722088F4F5E}.Release|Any CPU.Build.0 = Release|Any CPU
	EndGlobalSection
	GlobalSection(SolutionProperties) = preSolution
		HideSolutionNode = FALSE
	EndGlobalSection
	GlobalSection(ExtensibilityGlobals) = postSolution
		SolutionGuid = {392308B2-C5E9-42A4-A627-C3A2600994F8}
	EndGlobalSection
EndGlobal
